
Microsoft Visual Studio Solution File, Format Version 12.00
# Visual Studio Version 16
VisualStudioVersion = 16.0.30104.148
MinimumVisualStudioVersion = 10.0.40219.1
Project("{FAE04EC0-301F-11D3-BF4B-00C04F79EFBC}") = "APIExample", "APIExample\APIExample.csproj", "{7F1A5883-4968-48E4-9EC2-5AC4A0935E62}"
EndProject
Project("{FAE04EC0-301F-11D3-BF4B-00C04F79EFBC}") = "ToolLibrary.Helper", "ToolLibrary.Helper1\ToolLibrary.Helper.csproj", "{5FDF67D1-724E-497E-B05D-E0406F5894F4}"
EndProject
Project("{FAE04EC0-301F-11D3-BF4B-00C04F79EFBC}") = "VueElementAdmin.Model", "dataModel\VueElementAdmin.Model.csproj", "{95F77BF4-DC8E-4E7C-B2DB-9200728BC229}"
EndProject
Project("{2150E333-8FDC-42A3-9474-1A3956D46DE8}") = "01.Repository", "01.Repository", "{04DC02BD-9F71-4ED0-BF05-22C1262AAC61}"
EndProject
Project("{2150E333-8FDC-42A3-9474-1A3956D46DE8}") = "02.Services", "02.Services", "{D188FC97-609D-40E6-929D-9F8EAB26C675}"
EndProject
Project("{FAE04EC0-301F-11D3-BF4B-00C04F79EFBC}") = "VueElementAdminRepository", "VueElementAdminRepository\VueElementAdminRepository.csproj", "{FB8D2AC7-5036-4E29-8CBA-CF59F902A427}"
EndProject
Project("{FAE04EC0-301F-11D3-BF4B-00C04F79EFBC}") = "IVueElementAdminRepository", "IVueElementAdminRepository\IVueElementAdminRepository.csproj", "{8E95EF80-2FF8-48E9-B489-B40FBE9F9310}"
EndProject
Project("{FAE04EC0-301F-11D3-BF4B-00C04F79EFBC}") = "VueElementAdminServices", "VueElementAdminServices\VueElementAdminServices.csproj", "{35355CAD-C6F2-4083-94E0-EB808E9C1250}"
EndProject
Project("{FAE04EC0-301F-11D3-BF4B-00C04F79EFBC}") = "IVueElementAdminServices", "IVueElementAdminServices\IVueElementAdminServices.csproj", "{AB7F464C-FC5F-4858-B24E-CCF2B47D89F9}"
EndProject
Global
	GlobalSection(SolutionConfigurationPlatforms) = preSolution
		Debug|Any CPU = Debug|Any CPU
		Debug|ARM = Debug|ARM
		Debug|ARM64 = Debug|ARM64
		Debug|x64 = Debug|x64
		Debug|x86 = Debug|x86
		Release|Any CPU = Release|Any CPU
		Release|ARM = Release|ARM
		Release|ARM64 = Release|ARM64
		Release|x64 = Release|x64
		Release|x86 = Release|x86
	EndGlobalSection
	GlobalSection(ProjectConfigurationPlatforms) = postSolution
		{7F1A5883-4968-48E4-9EC2-5AC4A0935E62}.Debug|Any CPU.ActiveCfg = Debug|Any CPU
		{7F1A5883-4968-48E4-9EC2-5AC4A0935E62}.Debug|Any CPU.Build.0 = Debug|Any CPU
		{7F1A5883-4968-48E4-9EC2-5AC4A0935E62}.Debug|ARM.ActiveCfg = Debug|Any CPU
		{7F1A5883-4968-48E4-9EC2-5AC4A0935E62}.Debug|ARM.Build.0 = Debug|Any CPU
		{7F1A5883-4968-48E4-9EC2-5AC4A0935E62}.Debug|ARM64.ActiveCfg = Debug|Any CPU
		{7F1A5883-4968-48E4-9EC2-5AC4A0935E62}.Debug|ARM64.Build.0 = Debug|Any CPU
		{7F1A5883-4968-48E4-9EC2-5AC4A0935E62}.Debug|x64.ActiveCfg = Debug|Any CPU
		{7F1A5883-4968-48E4-9EC2-5AC4A0935E62}.Debug|x64.Build.0 = Debug|Any CPU
		{7F1A5883-4968-48E4-9EC2-5AC4A0935E62}.Debug|x86.ActiveCfg = Debug|Any CPU
		{7F1A5883-4968-48E4-9EC2-5AC4A0935E62}.Debug|x86.Build.0 = Debug|Any CPU
		{7F1A5883-4968-48E4-9EC2-5AC4A0935E62}.Release|Any CPU.ActiveCfg = Release|Any CPU
		{7F1A5883-4968-48E4-9EC2-5AC4A0935E62}.Release|Any CPU.Build.0 = Release|Any CPU
		{7F1A5883-4968-48E4-9EC2-5AC4A0935E62}.Release|ARM.ActiveCfg = Release|Any CPU
		{7F1A5883-4968-48E4-9EC2-5AC4A0935E62}.Release|ARM.Build.0 = Release|Any CPU
		{7F1A5883-4968-48E4-9EC2-5AC4A0935E62}.Release|ARM64.ActiveCfg = Release|Any CPU
		{7F1A5883-4968-48E4-9EC2-5AC4A0935E62}.Release|ARM64.Build.0 = Release|Any CPU
		{7F1A5883-4968-48E4-9EC2-5AC4A0935E62}.Release|x64.ActiveCfg = Release|Any CPU
		{7F1A5883-4968-48E4-9EC2-5AC4A0935E62}.Release|x64.Build.0 = Release|Any CPU
		{7F1A5883-4968-48E4-9EC2-5AC4A0935E62}.Release|x86.ActiveCfg = Release|Any CPU
		{7F1A5883-4968-48E4-9EC2-5AC4A0935E62}.Release|x86.Build.0 = Release|Any CPU
		{5FDF67D1-724E-497E-B05D-E0406F5894F4}.Debug|Any CPU.ActiveCfg = Debug|Any CPU
		{5FDF67D1-724E-497E-B05D-E0406F5894F4}.Debug|Any CPU.Build.0 = Debug|Any CPU
		{5FDF67D1-724E-497E-B05D-E0406F5894F4}.Debug|ARM.ActiveCfg = Debug|Any CPU
		{5FDF67D1-724E-497E-B05D-E0406F5894F4}.Debug|ARM.Build.0 = Debug|Any CPU
		{5FDF67D1-724E-497E-B05D-E0406F5894F4}.Debug|ARM64.ActiveCfg = Debug|Any CPU
		{5FDF67D1-724E-497E-B05D-E0406F5894F4}.Debug|ARM64.Build.0 = Debug|Any CPU
		{5FDF67D1-724E-497E-B05D-E0406F5894F4}.Debug|x64.ActiveCfg = Debug|Any CPU
		{5FDF67D1-724E-497E-B05D-E0406F5894F4}.Debug|x64.Build.0 = Debug|Any CPU
		{5FDF67D1-724E-497E-B05D-E0406F5894F4}.Debug|x86.ActiveCfg = Debug|Any CPU
		{5FDF67D1-724E-497E-B05D-E0406F5894F4}.Debug|x86.Build.0 = Debug|Any CPU
		{5FDF67D1-724E-497E-B05D-E0406F5894F4}.Release|Any CPU.ActiveCfg = Release|Any CPU
		{5FDF67D1-724E-497E-B05D-E0406F5894F4}.Release|Any CPU.Build.0 = Release|Any CPU
		{5FDF67D1-724E-497E-B05D-E0406F5894F4}.Release|ARM.ActiveCfg = Release|Any CPU
		{5FDF67D1-724E-497E-B05D-E0406F5894F4}.Release|ARM.Build.0 = Release|Any CPU
		{5FDF67D1-724E-497E-B05D-E0406F5894F4}.Release|ARM64.ActiveCfg = Release|Any CPU
		{5FDF67D1-724E-497E-B05D-E0406F5894F4}.Release|ARM64.Build.0 = Release|Any CPU
		{5FDF67D1-724E-497E-B05D-E0406F5894F4}.Release|x64.ActiveCfg = Release|Any CPU
		{5FDF67D1-724E-497E-B05D-E0406F5894F4}.Release|x64.Build.0 = Release|Any CPU
		{5FDF67D1-724E-497E-B05D-E0406F5894F4}.Release|x86.ActiveCfg = Release|Any CPU
		{5FDF67D1-724E-497E-B05D-E0406F5894F4}.Release|x86.Build.0 = Release|Any CPU
		{95F77BF4-DC8E-4E7C-B2DB-9200728BC229}.Debug|Any CPU.ActiveCfg = Debug|Any CPU
		{95F77BF4-DC8E-4E7C-B2DB-9200728BC229}.Debug|Any CPU.Build.0 = Debug|Any CPU
		{95F77BF4-DC8E-4E7C-B2DB-9200728BC229}.Debug|ARM.ActiveCfg = Debug|Any CPU
		{95F77BF4-DC8E-4E7C-B2DB-9200728BC229}.Debug|ARM.Build.0 = Debug|Any CPU
		{95F77BF4-DC8E-4E7C-B2DB-9200728BC229}.Debug|ARM64.ActiveCfg = Debug|Any CPU
		{95F77BF4-DC8E-4E7C-B2DB-9200728BC229}.Debug|ARM64.Build.0 = Debug|Any CPU
		{95F77BF4-DC8E-4E7C-B2DB-9200728BC229}.Debug|x64.ActiveCfg = Debug|Any CPU
		{95F77BF4-DC8E-4E7C-B2DB-9200728BC229}.Debug|x64.Build.0 = Debug|Any CPU
		{95F77BF4-DC8E-4E7C-B2DB-9200728BC229}.Debug|x86.ActiveCfg = Debug|Any CPU
		{95F77BF4-DC8E-4E7C-B2DB-9200728BC229}.Debug|x86.Build.0 = Debug|Any CPU
		{95F77BF4-DC8E-4E7C-B2DB-9200728BC229}.Release|Any CPU.ActiveCfg = Release|Any CPU
		{95F77BF4-DC8E-4E7C-B2DB-9200728BC229}.Release|Any CPU.Build.0 = Release|Any CPU
		{95F77BF4-DC8E-4E7C-B2DB-9200728BC229}.Release|ARM.ActiveCfg = Release|Any CPU
		{95F77BF4-DC8E-4E7C-B2DB-9200728BC229}.Release|ARM.Build.0 = Release|Any CPU
		{95F77BF4-DC8E-4E7C-B2DB-9200728BC229}.Release|ARM64.ActiveCfg = Release|Any CPU
		{95F77BF4-DC8E-4E7C-B2DB-9200728BC229}.Release|ARM64.Build.0 = Release|Any CPU
		{95F77BF4-DC8E-4E7C-B2DB-9200728BC229}.Release|x64.ActiveCfg = Release|Any CPU
		{95F77BF4-DC8E-4E7C-B2DB-9200728BC229}.Release|x64.Build.0 = Release|Any CPU
		{95F77BF4-DC8E-4E7C-B2DB-9200728BC229}.Release|x86.ActiveCfg = Release|Any CPU
		{95F77BF4-DC8E-4E7C-B2DB-9200728BC229}.Release|x86.Build.0 = Release|Any CPU
		{FB8D2AC7-5036-4E29-8CBA-CF59F902A427}.Debug|Any CPU.ActiveCfg = Debug|Any CPU
		{FB8D2AC7-5036-4E29-8CBA-CF59F902A427}.Debug|Any CPU.Build.0 = Debug|Any CPU
		{FB8D2AC7-5036-4E29-8CBA-CF59F902A427}.Debug|ARM.ActiveCfg = Debug|Any CPU
		{FB8D2AC7-5036-4E29-8CBA-CF59F902A427}.Debug|ARM.Build.0 = Debug|Any CPU
		{FB8D2AC7-5036-4E29-8CBA-CF59F902A427}.Debug|ARM64.ActiveCfg = Debug|Any CPU
		{FB8D2AC7-5036-4E29-8CBA-CF59F902A427}.Debug|ARM64.Build.0 = Debug|Any CPU
		{FB8D2AC7-5036-4E29-8CBA-CF59F902A427}.Debug|x64.ActiveCfg = Debug|Any CPU
		{FB8D2AC7-5036-4E29-8CBA-CF59F902A427}.Debug|x64.Build.0 = Debug|Any CPU
		{FB8D2AC7-5036-4E29-8CBA-CF59F902A427}.Debug|x86.ActiveCfg = Debug|Any CPU
		{FB8D2AC7-5036-4E29-8CBA-CF59F902A427}.Debug|x86.Build.0 = Debug|Any CPU
		{FB8D2AC7-5036-4E29-8CBA-CF59F902A427}.Release|Any CPU.ActiveCfg = Release|Any CPU
		{FB8D2AC7-5036-4E29-8CBA-CF59F902A427}.Release|Any CPU.Build.0 = Release|Any CPU
		{FB8D2AC7-5036-4E29-8CBA-CF59F902A427}.Release|ARM.ActiveCfg = Release|Any CPU
		{FB8D2AC7-5036-4E29-8CBA-CF59F902A427}.Release|ARM.Build.0 = Release|Any CPU
		{FB8D2AC7-5036-4E29-8CBA-CF59F902A427}.Release|ARM64.ActiveCfg = Release|Any CPU
		{FB8D2AC7-5036-4E29-8CBA-CF59F902A427}.Release|ARM64.Build.0 = Release|Any CPU
		{FB8D2AC7-5036-4E29-8CBA-CF59F902A427}.Release|x64.ActiveCfg = Release|Any CPU
		{FB8D2AC7-5036-4E29-8CBA-CF59F902A427}.Release|x64.Build.0 = Release|Any CPU
		{FB8D2AC7-5036-4E29-8CBA-CF59F902A427}.Release|x86.ActiveCfg = Release|Any CPU
		{FB8D2AC7-5036-4E29-8CBA-CF59F902A427}.Release|x86.Build.0 = Release|Any CPU
		{8E95EF80-2FF8-48E9-B489-B40FBE9F9310}.Debug|Any CPU.ActiveCfg = Debug|Any CPU
		{8E95EF80-2FF8-48E9-B489-B40FBE9F9310}.Debug|Any CPU.Build.0 = Debug|Any CPU
		{8E95EF80-2FF8-48E9-B489-B40FBE9F9310}.Debug|ARM.ActiveCfg = Debug|Any CPU
		{8E95EF80-2FF8-48E9-B489-B40FBE9F9310}.Debug|ARM.Build.0 = Debug|Any CPU
		{8E95EF80-2FF8-48E9-B489-B40FBE9F9310}.Debug|ARM64.ActiveCfg = Debug|Any CPU
		{8E95EF80-2FF8-48E9-B489-B40FBE9F9310}.Debug|ARM64.Build.0 = Debug|Any CPU
		{8E95EF80-2FF8-48E9-B489-B40FBE9F9310}.Debug|x64.ActiveCfg = Debug|Any CPU
		{8E95EF80-2FF8-48E9-B489-B40FBE9F9310}.Debug|x64.Build.0 = Debug|Any CPU
		{8E95EF80-2FF8-48E9-B489-B40FBE9F9310}.Debug|x86.ActiveCfg = Debug|Any CPU
		{8E95EF80-2FF8-48E9-B489-B40FBE9F9310}.Debug|x86.Build.0 = Debug|Any CPU
		{8E95EF80-2FF8-48E9-B489-B40FBE9F9310}.Release|Any CPU.ActiveCfg = Release|Any CPU
		{8E95EF80-2FF8-48E9-B489-B40FBE9F9310}.Release|Any CPU.Build.0 = Release|Any CPU
		{8E95EF80-2FF8-48E9-B489-B40FBE9F9310}.Release|ARM.ActiveCfg = Release|Any CPU
		{8E95EF80-2FF8-48E9-B489-B40FBE9F9310}.Release|ARM.Build.0 = Release|Any CPU
		{8E95EF80-2FF8-48E9-B489-B40FBE9F9310}.Release|ARM64.ActiveCfg = Release|Any CPU
		{8E95EF80-2FF8-48E9-B489-B40FBE9F9310}.Release|ARM64.Build.0 = Release|Any CPU
		{8E95EF80-2FF8-48E9-B489-B40FBE9F9310}.Release|x64.ActiveCfg = Release|Any CPU
		{8E95EF80-2FF8-48E9-B489-B40FBE9F9310}.Release|x64.Build.0 = Release|Any CPU
		{8E95EF80-2FF8-48E9-B489-B40FBE9F9310}.Release|x86.ActiveCfg = Release|Any CPU
		{8E95EF80-2FF8-48E9-B489-B40FBE9F9310}.Release|x86.Build.0 = Release|Any CPU
		{35355CAD-C6F2-4083-94E0-EB808E9C1250}.Debug|Any CPU.ActiveCfg = Debug|Any CPU
		{35355CAD-C6F2-4083-94E0-EB808E9C1250}.Debug|Any CPU.Build.0 = Debug|Any CPU
		{35355CAD-C6F2-4083-94E0-EB808E9C1250}.Debug|ARM.ActiveCfg = Debug|Any CPU
		{35355CAD-C6F2-4083-94E0-EB808E9C1250}.Debug|ARM.Build.0 = Debug|Any CPU
		{35355CAD-C6F2-4083-94E0-EB808E9C1250}.Debug|ARM64.ActiveCfg = Debug|Any CPU
		{35355CAD-C6F2-4083-94E0-EB808E9C1250}.Debug|ARM64.Build.0 = Debug|Any CPU
		{35355CAD-C6F2-4083-94E0-EB808E9C1250}.Debug|x64.ActiveCfg = Debug|Any CPU
		{35355CAD-C6F2-4083-94E0-EB808E9C1250}.Debug|x64.Build.0 = Debug|Any CPU
		{35355CAD-C6F2-4083-94E0-EB808E9C1250}.Debug|x86.ActiveCfg = Debug|Any CPU
		{35355CAD-C6F2-4083-94E0-EB808E9C1250}.Debug|x86.Build.0 = Debug|Any CPU
		{35355CAD-C6F2-4083-94E0-EB808E9C1250}.Release|Any CPU.ActiveCfg = Release|Any CPU
		{35355CAD-C6F2-4083-94E0-EB808E9C1250}.Release|Any CPU.Build.0 = Release|Any CPU
		{35355CAD-C6F2-4083-94E0-EB808E9C1250}.Release|ARM.ActiveCfg = Release|Any CPU
		{35355CAD-C6F2-4083-94E0-EB808E9C1250}.Release|ARM.Build.0 = Release|Any CPU
		{35355CAD-C6F2-4083-94E0-EB808E9C1250}.Release|ARM64.ActiveCfg = Release|Any CPU
		{35355CAD-C6F2-4083-94E0-EB808E9C1250}.Release|ARM64.Build.0 = Release|Any CPU
		{35355CAD-C6F2-4083-94E0-EB808E9C1250}.Release|x64.ActiveCfg = Release|Any CPU
		{35355CAD-C6F2-4083-94E0-EB808E9C1250}.Release|x64.Build.0 = Release|Any CPU
		{35355CAD-C6F2-4083-94E0-EB808E9C1250}.Release|x86.ActiveCfg = Release|Any CPU
		{35355CAD-C6F2-4083-94E0-EB808E9C1250}.Release|x86.Build.0 = Release|Any CPU
		{AB7F464C-FC5F-4858-B24E-CCF2B47D89F9}.Debug|Any CPU.ActiveCfg = Debug|Any CPU
		{AB7F464C-FC5F-4858-B24E-CCF2B47D89F9}.Debug|Any CPU.Build.0 = Debug|Any CPU
		{AB7F464C-FC5F-4858-B24E-CCF2B47D89F9}.Debug|ARM.ActiveCfg = Debug|Any CPU
		{AB7F464C-FC5F-4858-B24E-CCF2B47D89F9}.Debug|ARM.Build.0 = Debug|Any CPU
		{AB7F464C-FC5F-4858-B24E-CCF2B47D89F9}.Debug|ARM64.ActiveCfg = Debug|Any CPU
		{AB7F464C-FC5F-4858-B24E-CCF2B47D89F9}.Debug|ARM64.Build.0 = Debug|Any CPU
		{AB7F464C-FC5F-4858-B24E-CCF2B47D89F9}.Debug|x64.ActiveCfg = Debug|Any CPU
		{AB7F464C-FC5F-4858-B24E-CCF2B47D89F9}.Debug|x64.Build.0 = Debug|Any CPU
		{AB7F464C-FC5F-4858-B24E-CCF2B47D89F9}.Debug|x86.ActiveCfg = Debug|Any CPU
		{AB7F464C-FC5F-4858-B24E-CCF2B47D89F9}.Debug|x86.Build.0 = Debug|Any CPU
		{AB7F464C-FC5F-4858-B24E-CCF2B47D89F9}.Release|Any CPU.ActiveCfg = Release|Any CPU
		{AB7F464C-FC5F-4858-B24E-CCF2B47D89F9}.Release|Any CPU.Build.0 = Release|Any CPU
		{AB7F464C-FC5F-4858-B24E-CCF2B47D89F9}.Release|ARM.ActiveCfg = Release|Any CPU
		{AB7F464C-FC5F-4858-B24E-CCF2B47D89F9}.Release|ARM.Build.0 = Release|Any CPU
		{AB7F464C-FC5F-4858-B24E-CCF2B47D89F9}.Release|ARM64.ActiveCfg = Release|Any CPU
		{AB7F464C-FC5F-4858-B24E-CCF2B47D89F9}.Release|ARM64.Build.0 = Release|Any CPU
		{AB7F464C-FC5F-4858-B24E-CCF2B47D89F9}.Release|x64.ActiveCfg = Release|Any CPU
		{AB7F464C-FC5F-4858-B24E-CCF2B47D89F9}.Release|x64.Build.0 = Release|Any CPU
		{AB7F464C-FC5F-4858-B24E-CCF2B47D89F9}.Release|x86.ActiveCfg = Release|Any CPU
		{AB7F464C-FC5F-4858-B24E-CCF2B47D89F9}.Release|x86.Build.0 = Release|Any CPU
	EndGlobalSection
	GlobalSection(SolutionProperties) = preSolution
		HideSolutionNode = FALSE
	EndGlobalSection
	GlobalSection(NestedProjects) = preSolution
		{FB8D2AC7-5036-4E29-8CBA-CF59F902A427} = {04DC02BD-9F71-4ED0-BF05-22C1262AAC61}
		{8E95EF80-2FF8-48E9-B489-B40FBE9F9310} = {04DC02BD-9F71-4ED0-BF05-22C1262AAC61}
		{35355CAD-C6F2-4083-94E0-EB808E9C1250} = {D188FC97-609D-40E6-929D-9F8EAB26C675}
		{AB7F464C-FC5F-4858-B24E-CCF2B47D89F9} = {D188FC97-609D-40E6-929D-9F8EAB26C675}
	EndGlobalSection
	GlobalSection(ExtensibilityGlobals) = postSolution
		SolutionGuid = {48129D1E-2D12-4C1C-892D-38D691DD2FC5}
	EndGlobalSection
EndGlobal
