
Microsoft Visual Studio Solution File, Format Version 12.00
# Visual Studio Version 16
VisualStudioVersion = 16.0.30104.148
MinimumVisualStudioVersion = 10.0.40219.1
Project("{FAE04EC0-301F-11D3-BF4B-00C04F79EFBC}") = "APIExample", "APIExample\APIExample.csproj", "{7F1A5883-4968-48E4-9EC2-5AC4A0935E62}"
EndProject
Project("{FAE04EC0-301F-11D3-BF4B-00C04F79EFBC}") = "ToolLibrary.Helper", "ToolLibrary.Helper1\ToolLibrary.Helper.csproj", "{5FDF67D1-724E-497E-B05D-E0406F5894F4}"
EndProject
Project("{2150E333-8FDC-42A3-9474-1A3956D46DE8}") = "01.Repository", "01.Repository", "{04DC02BD-9F71-4ED0-BF05-22C1262AAC61}"
EndProject
Project("{2150E333-8FDC-42A3-9474-1A3956D46DE8}") = "02.Services", "02.Services", "{D188FC97-609D-40E6-929D-9F8EAB26C675}"
EndProject
Project("{FAE04EC0-301F-11D3-BF4B-00C04F79EFBC}") = "VueElemenntAdminModel", "VueElemenntAdminModel\VueElemenntAdminModel.csproj", "{D98FA6EC-7373-4875-A8BD-D69BD34FC69D}"
EndProject
Global
	GlobalSection(SolutionConfigurationPlatforms) = preSolution
		Debug|Any CPU = Debug|Any CPU
		Debug|ARM = Debug|ARM
		Debug|ARM64 = Debug|ARM64
		Debug|x64 = Debug|x64
		Debug|x86 = Debug|x86
		Release|Any CPU = Release|Any CPU
		Release|ARM = Release|ARM
		Release|ARM64 = Release|ARM64
		Release|x64 = Release|x64
		Release|x86 = Release|x86
	EndGlobalSection
	GlobalSection(ProjectConfigurationPlatforms) = postSolution
		{7F1A5883-4968-48E4-9EC2-5AC4A0935E62}.Debug|Any CPU.ActiveCfg = Debug|Any CPU
		{7F1A5883-4968-48E4-9EC2-5AC4A0935E62}.Debug|Any CPU.Build.0 = Debug|Any CPU
		{7F1A5883-4968-48E4-9EC2-5AC4A0935E62}.Debug|ARM.ActiveCfg = Debug|Any CPU
		{7F1A5883-4968-48E4-9EC2-5AC4A0935E62}.Debug|ARM.Build.0 = Debug|Any CPU
		{7F1A5883-4968-48E4-9EC2-5AC4A0935E62}.Debug|ARM64.ActiveCfg = Debug|Any CPU
		{7F1A5883-4968-48E4-9EC2-5AC4A0935E62}.Debug|ARM64.Build.0 = Debug|Any CPU
		{7F1A5883-4968-48E4-9EC2-5AC4A0935E62}.Debug|x64.ActiveCfg = Debug|Any CPU
		{7F1A5883-4968-48E4-9EC2-5AC4A0935E62}.Debug|x64.Build.0 = Debug|Any CPU
		{7F1A5883-4968-48E4-9EC2-5AC4A0935E62}.Debug|x86.ActiveCfg = Debug|Any CPU
		{7F1A5883-4968-48E4-9EC2-5AC4A0935E62}.Debug|x86.Build.0 = Debug|Any CPU
		{7F1A5883-4968-48E4-9EC2-5AC4A0935E62}.Release|Any CPU.ActiveCfg = Release|Any CPU
		{7F1A5883-4968-48E4-9EC2-5AC4A0935E62}.Release|Any CPU.Build.0 = Release|Any CPU
		{7F1A5883-4968-48E4-9EC2-5AC4A0935E62}.Release|ARM.ActiveCfg = Release|Any CPU
		{7F1A5883-4968-48E4-9EC2-5AC4A0935E62}.Release|ARM.Build.0 = Release|Any CPU
		{7F1A5883-4968-48E4-9EC2-5AC4A0935E62}.Release|ARM64.ActiveCfg = Release|Any CPU
		{7F1A5883-4968-48E4-9EC2-5AC4A0935E62}.Release|ARM64.Build.0 = Release|Any CPU
		{7F1A5883-4968-48E4-9EC2-5AC4A0935E62}.Release|x64.ActiveCfg = Release|Any CPU
		{7F1A5883-4968-48E4-9EC2-5AC4A0935E62}.Release|x64.Build.0 = Release|Any CPU
		{7F1A5883-4968-48E4-9EC2-5AC4A0935E62}.Release|x86.ActiveCfg = Release|Any CPU
		{7F1A5883-4968-48E4-9EC2-5AC4A0935E62}.Release|x86.Build.0 = Release|Any CPU
		{5FDF67D1-724E-497E-B05D-E0406F5894F4}.Debug|Any CPU.ActiveCfg = Debug|Any CPU
		{5FDF67D1-724E-497E-B05D-E0406F5894F4}.Debug|Any CPU.Build.0 = Debug|Any CPU
		{5FDF67D1-724E-497E-B05D-E0406F5894F4}.Debug|ARM.ActiveCfg = Debug|Any CPU
		{5FDF67D1-724E-497E-B05D-E0406F5894F4}.Debug|ARM.Build.0 = Debug|Any CPU
		{5FDF67D1-724E-497E-B05D-E0406F5894F4}.Debug|ARM64.ActiveCfg = Debug|Any CPU
		{5FDF67D1-724E-497E-B05D-E0406F5894F4}.Debug|ARM64.Build.0 = Debug|Any CPU
		{5FDF67D1-724E-497E-B05D-E0406F5894F4}.Debug|x64.ActiveCfg = Debug|Any CPU
		{5FDF67D1-724E-497E-B05D-E0406F5894F4}.Debug|x64.Build.0 = Debug|Any CPU
		{5FDF67D1-724E-497E-B05D-E0406F5894F4}.Debug|x86.ActiveCfg = Debug|Any CPU
		{5FDF67D1-724E-497E-B05D-E0406F5894F4}.Debug|x86.Build.0 = Debug|Any CPU
		{5FDF67D1-724E-497E-B05D-E0406F5894F4}.Release|Any CPU.ActiveCfg = Release|Any CPU
		{5FDF67D1-724E-497E-B05D-E0406F5894F4}.Release|Any CPU.Build.0 = Release|Any CPU
		{5FDF67D1-724E-497E-B05D-E0406F5894F4}.Release|ARM.ActiveCfg = Release|Any CPU
		{5FDF67D1-724E-497E-B05D-E0406F5894F4}.Release|ARM.Build.0 = Release|Any CPU
		{5FDF67D1-724E-497E-B05D-E0406F5894F4}.Release|ARM64.ActiveCfg = Release|Any CPU
		{5FDF67D1-724E-497E-B05D-E0406F5894F4}.Release|ARM64.Build.0 = Release|Any CPU
		{5FDF67D1-724E-497E-B05D-E0406F5894F4}.Release|x64.ActiveCfg = Release|Any CPU
		{5FDF67D1-724E-497E-B05D-E0406F5894F4}.Release|x64.Build.0 = Release|Any CPU
		{5FDF67D1-724E-497E-B05D-E0406F5894F4}.Release|x86.ActiveCfg = Release|Any CPU
		{5FDF67D1-724E-497E-B05D-E0406F5894F4}.Release|x86.Build.0 = Release|Any CPU
		{D98FA6EC-7373-4875-A8BD-D69BD34FC69D}.Debug|Any CPU.ActiveCfg = Debug|Any CPU
		{D98FA6EC-7373-4875-A8BD-D69BD34FC69D}.Debug|Any CPU.Build.0 = Debug|Any CPU
		{D98FA6EC-7373-4875-A8BD-D69BD34FC69D}.Debug|ARM.ActiveCfg = Debug|Any CPU
		{D98FA6EC-7373-4875-A8BD-D69BD34FC69D}.Debug|ARM.Build.0 = Debug|Any CPU
		{D98FA6EC-7373-4875-A8BD-D69BD34FC69D}.Debug|ARM64.ActiveCfg = Debug|Any CPU
		{D98FA6EC-7373-4875-A8BD-D69BD34FC69D}.Debug|ARM64.Build.0 = Debug|Any CPU
		{D98FA6EC-7373-4875-A8BD-D69BD34FC69D}.Debug|x64.ActiveCfg = Debug|Any CPU
		{D98FA6EC-7373-4875-A8BD-D69BD34FC69D}.Debug|x64.Build.0 = Debug|Any CPU
		{D98FA6EC-7373-4875-A8BD-D69BD34FC69D}.Debug|x86.ActiveCfg = Debug|Any CPU
		{D98FA6EC-7373-4875-A8BD-D69BD34FC69D}.Debug|x86.Build.0 = Debug|Any CPU
		{D98FA6EC-7373-4875-A8BD-D69BD34FC69D}.Release|Any CPU.ActiveCfg = Release|Any CPU
		{D98FA6EC-7373-4875-A8BD-D69BD34FC69D}.Release|Any CPU.Build.0 = Release|Any CPU
		{D98FA6EC-7373-4875-A8BD-D69BD34FC69D}.Release|ARM.ActiveCfg = Release|Any CPU
		{D98FA6EC-7373-4875-A8BD-D69BD34FC69D}.Release|ARM.Build.0 = Release|Any CPU
		{D98FA6EC-7373-4875-A8BD-D69BD34FC69D}.Release|ARM64.ActiveCfg = Release|Any CPU
		{D98FA6EC-7373-4875-A8BD-D69BD34FC69D}.Release|ARM64.Build.0 = Release|Any CPU
		{D98FA6EC-7373-4875-A8BD-D69BD34FC69D}.Release|x64.ActiveCfg = Release|Any CPU
		{D98FA6EC-7373-4875-A8BD-D69BD34FC69D}.Release|x64.Build.0 = Release|Any CPU
		{D98FA6EC-7373-4875-A8BD-D69BD34FC69D}.Release|x86.ActiveCfg = Release|Any CPU
		{D98FA6EC-7373-4875-A8BD-D69BD34FC69D}.Release|x86.Build.0 = Release|Any CPU
	EndGlobalSection
	GlobalSection(SolutionProperties) = preSolution
		HideSolutionNode = FALSE
	EndGlobalSection
	GlobalSection(ExtensibilityGlobals) = postSolution
		SolutionGuid = {48129D1E-2D12-4C1C-892D-38D691DD2FC5}
	EndGlobalSection
EndGlobal
